
Microsoft Visual Studio Solution File, Format Version 12.00
# Visual Studio Version 17
VisualStudioVersion = 17.13.35828.75
MinimumVisualStudioVersion = 10.0.40219.1
Project("{FAE04EC0-301F-11D3-BF4B-00C04F79EFBC}") = "Task.Data", "Task.Data\Task.Data.csproj", "{4D7CD080-3231-4229-ACBE-5BF2FDC9CF6F}"
EndProject
Project("{FAE04EC0-301F-11D3-BF4B-00C04F79EFBC}") = "Task.WebApi", "Task.WebApi\Task.WebApi.csproj", "{2D8E242C-C85F-42C7-B5F6-A40FB73D4AA8}"
EndProject
Global
	GlobalSection(SolutionConfigurationPlatforms) = preSolution
		Debug|Any CPU = Debug|Any CPU
		Release|Any CPU = Release|Any CPU
	EndGlobalSection
	GlobalSection(ProjectConfigurationPlatforms) = postSolution
		{4D7CD080-3231-4229-ACBE-5BF2FDC9CF6F}.Debug|Any CPU.ActiveCfg = Debug|Any CPU
		{4D7CD080-3231-4229-ACBE-5BF2FDC9CF6F}.Debug|Any CPU.Build.0 = Debug|Any CPU
		{4D7CD080-3231-4229-ACBE-5BF2FDC9CF6F}.Release|Any CPU.ActiveCfg = Release|Any CPU
		{4D7CD080-3231-4229-ACBE-5BF2FDC9CF6F}.Release|Any CPU.Build.0 = Release|Any CPU
		{2D8E242C-C85F-42C7-B5F6-A40FB73D4AA8}.Debug|Any CPU.ActiveCfg = Debug|Any CPU
		{2D8E242C-C85F-42C7-B5F6-A40FB73D4AA8}.Debug|Any CPU.Build.0 = Debug|Any CPU
		{2D8E242C-C85F-42C7-B5F6-A40FB73D4AA8}.Release|Any CPU.ActiveCfg = Release|Any CPU
		{2D8E242C-C85F-42C7-B5F6-A40FB73D4AA8}.Release|Any CPU.Build.0 = Release|Any CPU
	EndGlobalSection
	GlobalSection(SolutionProperties) = preSolution
		HideSolutionNode = FALSE
	EndGlobalSection
	GlobalSection(ExtensibilityGlobals) = postSolution
		SolutionGuid = {77153CB7-5786-4E51-8400-E468C684B473}
	EndGlobalSection
EndGlobal
